// !$*UTF8*$!
{
	archiveVersion = 1;
	classes = {
	};
	objectVersion = 56;
	objects = {

/* Begin PBXBuildFile section */
		E51022572C5EAA62006FAF8B /* Assets.xcassets in Resources */ = {isa = PBXBuildFile; fileRef = E51022562C5EAA62006FAF8B /* Assets.xcassets */; };
		E510225A2C5EAA62006FAF8B /* Preview Assets.xcassets in Resources */ = {isa = PBXBuildFile; fileRef = E51022592C5EAA62006FAF8B /* Preview Assets.xcassets */; };
		E51022622C5EAB0D006FAF8B /* MainApp.swift in Sources */ = {isa = PBXBuildFile; fileRef = E51022612C5EAB0D006FAF8B /* MainApp.swift */; };
		E51022902C5EAB37006FAF8B /* PlaygroundsDatasource.swift in Sources */ = {isa = PBXBuildFile; fileRef = E51022632C5EAB37006FAF8B /* PlaygroundsDatasource.swift */; };
		E51022912C5EAB37006FAF8B /* PlaygroundsRepository.swift in Sources */ = {isa = PBXBuildFile; fileRef = E51022652C5EAB37006FAF8B /* PlaygroundsRepository.swift */; };
		E51022922C5EAB37006FAF8B /* FetchPlaygrounds.swift in Sources */ = {isa = PBXBuildFile; fileRef = E51022692C5EAB37006FAF8B /* FetchPlaygrounds.swift */; };
		E51022932C5EAB37006FAF8B /* MainReducer.swift in Sources */ = {isa = PBXBuildFile; fileRef = E510226B2C5EAB37006FAF8B /* MainReducer.swift */; };
		E51022942C5EAB37006FAF8B /* MapReducer.swift in Sources */ = {isa = PBXBuildFile; fileRef = E510226C2C5EAB37006FAF8B /* MapReducer.swift */; };
		E51022952C5EAB37006FAF8B /* MainState.swift in Sources */ = {isa = PBXBuildFile; fileRef = E510226F2C5EAB37006FAF8B /* MainState.swift */; };
		E51022962C5EAB37006FAF8B /* Actions.swift in Sources */ = {isa = PBXBuildFile; fileRef = E51022712C5EAB37006FAF8B /* Actions.swift */; };
		E51022972C5EAB37006FAF8B /* MainStore.swift in Sources */ = {isa = PBXBuildFile; fileRef = E51022722C5EAB37006FAF8B /* MainStore.swift */; };
		E51022982C5EAB37006FAF8B /* Configuration.swift in Sources */ = {isa = PBXBuildFile; fileRef = E51022742C5EAB37006FAF8B /* Configuration.swift */; };
		E51022992C5EAB37006FAF8B /* APIFetchPlaygroundsResponse.swift in Sources */ = {isa = PBXBuildFile; fileRef = E51022762C5EAB37006FAF8B /* APIFetchPlaygroundsResponse.swift */; };
		E510229A2C5EAB37006FAF8B /* APIPlayground.swift in Sources */ = {isa = PBXBuildFile; fileRef = E51022772C5EAB37006FAF8B /* APIPlayground.swift */; };
		E510229B2C5EAB37006FAF8B /* Playground.swift in Sources */ = {isa = PBXBuildFile; fileRef = E51022792C5EAB37006FAF8B /* Playground.swift */; };
		E510229C2C5EAB37006FAF8B /* Redux.swift in Sources */ = {isa = PBXBuildFile; fileRef = E510227B2C5EAB37006FAF8B /* Redux.swift */; };
		E510229D2C5EAB37006FAF8B /* APIClient.swift in Sources */ = {isa = PBXBuildFile; fileRef = E510227D2C5EAB37006FAF8B /* APIClient.swift */; };
		E510229E2C5EAB37006FAF8B /* APIError.swift in Sources */ = {isa = PBXBuildFile; fileRef = E510227E2C5EAB37006FAF8B /* APIError.swift */; };
		E510229F2C5EAB37006FAF8B /* APIRequest.swift in Sources */ = {isa = PBXBuildFile; fileRef = E510227F2C5EAB37006FAF8B /* APIRequest.swift */; };
		E51022A02C5EAB37006FAF8B /* MapView.swift in Sources */ = {isa = PBXBuildFile; fileRef = E51022812C5EAB37006FAF8B /* MapView.swift */; };
		E51022A12C5EAB37006FAF8B /* PlaygroundPin.swift in Sources */ = {isa = PBXBuildFile; fileRef = E51022822C5EAB37006FAF8B /* PlaygroundPin.swift */; };
		E51022A22C5EAB37006FAF8B /* LookAround.swift in Sources */ = {isa = PBXBuildFile; fileRef = E51022842C5EAB37006FAF8B /* LookAround.swift */; };
		E51022A32C5EAB37006FAF8B /* PlaygroundView.swift in Sources */ = {isa = PBXBuildFile; fileRef = E51022852C5EAB37006FAF8B /* PlaygroundView.swift */; };
		E51022A42C5EAB37006FAF8B /* OnFirstAppearanceAction.swift in Sources */ = {isa = PBXBuildFile; fileRef = E51022872C5EAB37006FAF8B /* OnFirstAppearanceAction.swift */; };
		E51022A52C5EAB37006FAF8B /* ContentView.swift in Sources */ = {isa = PBXBuildFile; fileRef = E51022892C5EAB37006FAF8B /* ContentView.swift */; };
		E51022A62C5EAB37006FAF8B /* MainState+Stubs.swift in Sources */ = {isa = PBXBuildFile; fileRef = E510228B2C5EAB37006FAF8B /* MainState+Stubs.swift */; };
		E51022A72C5EAB37006FAF8B /* MainStore+Stubs.swift in Sources */ = {isa = PBXBuildFile; fileRef = E510228C2C5EAB37006FAF8B /* MainStore+Stubs.swift */; };
		E51022A82C5EAB37006FAF8B /* MapState+Stubs.swift in Sources */ = {isa = PBXBuildFile; fileRef = E510228D2C5EAB37006FAF8B /* MapState+Stubs.swift */; };
		E51022A92C5EAB37006FAF8B /* Playground+Stubs.swift in Sources */ = {isa = PBXBuildFile; fileRef = E510228E2C5EAB37006FAF8B /* Playground+Stubs.swift */; };
/* End PBXBuildFile section */

/* Begin PBXFileReference section */
		E510224F2C5EAA60006FAF8B /* project-isis.app */ = {isa = PBXFileReference; explicitFileType = wrapper.application; includeInIndex = 0; path = "project-isis.app"; sourceTree = BUILT_PRODUCTS_DIR; };
		E51022562C5EAA62006FAF8B /* Assets.xcassets */ = {isa = PBXFileReference; lastKnownFileType = folder.assetcatalog; path = Assets.xcassets; sourceTree = "<group>"; };
		E51022592C5EAA62006FAF8B /* Preview Assets.xcassets */ = {isa = PBXFileReference; lastKnownFileType = folder.assetcatalog; path = "Preview Assets.xcassets"; sourceTree = "<group>"; };
		E51022612C5EAB0D006FAF8B /* MainApp.swift */ = {isa = PBXFileReference; fileEncoding = 4; lastKnownFileType = sourcecode.swift; path = MainApp.swift; sourceTree = "<group>"; };
		E51022632C5EAB37006FAF8B /* PlaygroundsDatasource.swift */ = {isa = PBXFileReference; fileEncoding = 4; lastKnownFileType = sourcecode.swift; path = PlaygroundsDatasource.swift; sourceTree = "<group>"; };
		E51022652C5EAB37006FAF8B /* PlaygroundsRepository.swift */ = {isa = PBXFileReference; fileEncoding = 4; lastKnownFileType = sourcecode.swift; path = PlaygroundsRepository.swift; sourceTree = "<group>"; };
		E51022692C5EAB37006FAF8B /* FetchPlaygrounds.swift */ = {isa = PBXFileReference; fileEncoding = 4; lastKnownFileType = sourcecode.swift; path = FetchPlaygrounds.swift; sourceTree = "<group>"; };
		E510226B2C5EAB37006FAF8B /* MainReducer.swift */ = {isa = PBXFileReference; fileEncoding = 4; lastKnownFileType = sourcecode.swift; path = MainReducer.swift; sourceTree = "<group>"; };
		E510226C2C5EAB37006FAF8B /* MapReducer.swift */ = {isa = PBXFileReference; fileEncoding = 4; lastKnownFileType = sourcecode.swift; path = MapReducer.swift; sourceTree = "<group>"; };
		E510226F2C5EAB37006FAF8B /* MainState.swift */ = {isa = PBXFileReference; fileEncoding = 4; lastKnownFileType = sourcecode.swift; path = MainState.swift; sourceTree = "<group>"; };
		E51022712C5EAB37006FAF8B /* Actions.swift */ = {isa = PBXFileReference; fileEncoding = 4; lastKnownFileType = sourcecode.swift; path = Actions.swift; sourceTree = "<group>"; };
		E51022722C5EAB37006FAF8B /* MainStore.swift */ = {isa = PBXFileReference; fileEncoding = 4; lastKnownFileType = sourcecode.swift; path = MainStore.swift; sourceTree = "<group>"; };
		E51022742C5EAB37006FAF8B /* Configuration.swift */ = {isa = PBXFileReference; fileEncoding = 4; lastKnownFileType = sourcecode.swift; path = Configuration.swift; sourceTree = "<group>"; };
		E51022762C5EAB37006FAF8B /* APIFetchPlaygroundsResponse.swift */ = {isa = PBXFileReference; fileEncoding = 4; lastKnownFileType = sourcecode.swift; path = APIFetchPlaygroundsResponse.swift; sourceTree = "<group>"; };
		E51022772C5EAB37006FAF8B /* APIPlayground.swift */ = {isa = PBXFileReference; fileEncoding = 4; lastKnownFileType = sourcecode.swift; path = APIPlayground.swift; sourceTree = "<group>"; };
		E51022792C5EAB37006FAF8B /* Playground.swift */ = {isa = PBXFileReference; fileEncoding = 4; lastKnownFileType = sourcecode.swift; path = Playground.swift; sourceTree = "<group>"; };
		E510227B2C5EAB37006FAF8B /* Redux.swift */ = {isa = PBXFileReference; fileEncoding = 4; lastKnownFileType = sourcecode.swift; path = Redux.swift; sourceTree = "<group>"; };
		E510227D2C5EAB37006FAF8B /* APIClient.swift */ = {isa = PBXFileReference; fileEncoding = 4; lastKnownFileType = sourcecode.swift; path = APIClient.swift; sourceTree = "<group>"; };
		E510227E2C5EAB37006FAF8B /* APIError.swift */ = {isa = PBXFileReference; fileEncoding = 4; lastKnownFileType = sourcecode.swift; path = APIError.swift; sourceTree = "<group>"; };
		E510227F2C5EAB37006FAF8B /* APIRequest.swift */ = {isa = PBXFileReference; fileEncoding = 4; lastKnownFileType = sourcecode.swift; path = APIRequest.swift; sourceTree = "<group>"; };
		E51022812C5EAB37006FAF8B /* MapView.swift */ = {isa = PBXFileReference; fileEncoding = 4; lastKnownFileType = sourcecode.swift; path = MapView.swift; sourceTree = "<group>"; };
		E51022822C5EAB37006FAF8B /* PlaygroundPin.swift */ = {isa = PBXFileReference; fileEncoding = 4; lastKnownFileType = sourcecode.swift; path = PlaygroundPin.swift; sourceTree = "<group>"; };
		E51022842C5EAB37006FAF8B /* LookAround.swift */ = {isa = PBXFileReference; fileEncoding = 4; lastKnownFileType = sourcecode.swift; path = LookAround.swift; sourceTree = "<group>"; };
		E51022852C5EAB37006FAF8B /* PlaygroundView.swift */ = {isa = PBXFileReference; fileEncoding = 4; lastKnownFileType = sourcecode.swift; path = PlaygroundView.swift; sourceTree = "<group>"; };
		E51022872C5EAB37006FAF8B /* OnFirstAppearanceAction.swift */ = {isa = PBXFileReference; fileEncoding = 4; lastKnownFileType = sourcecode.swift; path = OnFirstAppearanceAction.swift; sourceTree = "<group>"; };
		E51022892C5EAB37006FAF8B /* ContentView.swift */ = {isa = PBXFileReference; fileEncoding = 4; lastKnownFileType = sourcecode.swift; path = ContentView.swift; sourceTree = "<group>"; };
		E510228B2C5EAB37006FAF8B /* MainState+Stubs.swift */ = {isa = PBXFileReference; fileEncoding = 4; lastKnownFileType = sourcecode.swift; path = "MainState+Stubs.swift"; sourceTree = "<group>"; };
		E510228C2C5EAB37006FAF8B /* MainStore+Stubs.swift */ = {isa = PBXFileReference; fileEncoding = 4; lastKnownFileType = sourcecode.swift; path = "MainStore+Stubs.swift"; sourceTree = "<group>"; };
		E510228D2C5EAB37006FAF8B /* MapState+Stubs.swift */ = {isa = PBXFileReference; fileEncoding = 4; lastKnownFileType = sourcecode.swift; path = "MapState+Stubs.swift"; sourceTree = "<group>"; };
		E510228E2C5EAB37006FAF8B /* Playground+Stubs.swift */ = {isa = PBXFileReference; fileEncoding = 4; lastKnownFileType = sourcecode.swift; path = "Playground+Stubs.swift"; sourceTree = "<group>"; };
/* End PBXFileReference section */

/* Begin PBXFrameworksBuildPhase section */
		E510224C2C5EAA60006FAF8B /* Frameworks */ = {
			isa = PBXFrameworksBuildPhase;
			buildActionMask = 2147483647;
			files = (
			);
			runOnlyForDeploymentPostprocessing = 0;
		};
/* End PBXFrameworksBuildPhase section */

/* Begin PBXGroup section */
		E51022462C5EAA60006FAF8B = {
			isa = PBXGroup;
			children = (
				E51022512C5EAA60006FAF8B /* project-isis */,
				E51022502C5EAA60006FAF8B /* Products */,
			);
			sourceTree = "<group>";
		};
		E51022502C5EAA60006FAF8B /* Products */ = {
			isa = PBXGroup;
			children = (
				E510224F2C5EAA60006FAF8B /* project-isis.app */,
			);
			name = Products;
			sourceTree = "<group>";
		};
		E51022512C5EAA60006FAF8B /* project-isis */ = {
			isa = PBXGroup;
			children = (
				E51022AA2C5EABF3006FAF8B /* App */,
				E510227C2C5EAB37006FAF8B /* Architecture */,
				E51022752C5EAB37006FAF8B /* Configuration */,
				E51022682C5EAB37006FAF8B /* DesignSystem */,
				E510228F2C5EAB37006FAF8B /* DevelopmentAssets */,
				E51022602C5EAAD3006FAF8B /* Assets */,
			);
			path = "project-isis";
			sourceTree = "<group>";
		};
		E51022602C5EAAD3006FAF8B /* Assets */ = {
			isa = PBXGroup;
			children = (
				E51022592C5EAA62006FAF8B /* Preview Assets.xcassets */,
				E51022562C5EAA62006FAF8B /* Assets.xcassets */,
			);
			path = Assets;
			sourceTree = "<group>";
		};
		E51022642C5EAB37006FAF8B /* DataSources */ = {
			isa = PBXGroup;
			children = (
				E51022632C5EAB37006FAF8B /* PlaygroundsDatasource.swift */,
			);
			path = DataSources;
			sourceTree = "<group>";
		};
		E51022662C5EAB37006FAF8B /* Repositories */ = {
			isa = PBXGroup;
			children = (
				E51022652C5EAB37006FAF8B /* PlaygroundsRepository.swift */,
			);
			path = Repositories;
			sourceTree = "<group>";
		};
		E51022672C5EAB37006FAF8B /* Services */ = {
			isa = PBXGroup;
			children = (
				E51022642C5EAB37006FAF8B /* DataSources */,
				E51022662C5EAB37006FAF8B /* Repositories */,
			);
			path = Services;
			sourceTree = "<group>";
		};
		E51022682C5EAB37006FAF8B /* DesignSystem */ = {
			isa = PBXGroup;
			children = (
			);
			path = DesignSystem;
			sourceTree = "<group>";
		};
		E510226A2C5EAB37006FAF8B /* Middlewares */ = {
			isa = PBXGroup;
			children = (
				E51022692C5EAB37006FAF8B /* FetchPlaygrounds.swift */,
			);
			path = Middlewares;
			sourceTree = "<group>";
		};
		E510226D2C5EAB37006FAF8B /* Reducers */ = {
			isa = PBXGroup;
			children = (
				E510226B2C5EAB37006FAF8B /* MainReducer.swift */,
				E510226C2C5EAB37006FAF8B /* MapReducer.swift */,
			);
			path = Reducers;
			sourceTree = "<group>";
		};
		E510226E2C5EAB37006FAF8B /* Selectors */ = {
			isa = PBXGroup;
			children = (
			);
			path = Selectors;
			sourceTree = "<group>";
		};
		E51022702C5EAB37006FAF8B /* States */ = {
			isa = PBXGroup;
			children = (
				E510226F2C5EAB37006FAF8B /* MainState.swift */,
			);
			path = States;
			sourceTree = "<group>";
		};
		E51022732C5EAB37006FAF8B /* Redux */ = {
			isa = PBXGroup;
			children = (
				E510226A2C5EAB37006FAF8B /* Middlewares */,
				E510226D2C5EAB37006FAF8B /* Reducers */,
				E510226E2C5EAB37006FAF8B /* Selectors */,
				E51022702C5EAB37006FAF8B /* States */,
				E51022712C5EAB37006FAF8B /* Actions.swift */,
				E51022722C5EAB37006FAF8B /* MainStore.swift */,
			);
			path = Redux;
			sourceTree = "<group>";
		};
		E51022752C5EAB37006FAF8B /* Configuration */ = {
			isa = PBXGroup;
			children = (
				E51022742C5EAB37006FAF8B /* Configuration.swift */,
			);
			path = Configuration;
			sourceTree = "<group>";
		};
		E51022782C5EAB37006FAF8B /* API */ = {
			isa = PBXGroup;
			children = (
				E51022762C5EAB37006FAF8B /* APIFetchPlaygroundsResponse.swift */,
				E51022772C5EAB37006FAF8B /* APIPlayground.swift */,
			);
			path = API;
			sourceTree = "<group>";
		};
		E510227A2C5EAB37006FAF8B /* Model */ = {
			isa = PBXGroup;
			children = (
				E51022782C5EAB37006FAF8B /* API */,
				E51022792C5EAB37006FAF8B /* Playground.swift */,
			);
			path = Model;
			sourceTree = "<group>";
		};
		E510227C2C5EAB37006FAF8B /* Architecture */ = {
			isa = PBXGroup;
			children = (
				E510227B2C5EAB37006FAF8B /* Redux.swift */,
			);
			path = Architecture;
			sourceTree = "<group>";
		};
		E51022802C5EAB37006FAF8B /* Network */ = {
			isa = PBXGroup;
			children = (
				E510227D2C5EAB37006FAF8B /* APIClient.swift */,
				E510227E2C5EAB37006FAF8B /* APIError.swift */,
				E510227F2C5EAB37006FAF8B /* APIRequest.swift */,
			);
			path = Network;
			sourceTree = "<group>";
		};
		E51022832C5EAB37006FAF8B /* Map */ = {
			isa = PBXGroup;
			children = (
				E51022812C5EAB37006FAF8B /* MapView.swift */,
				E51022822C5EAB37006FAF8B /* PlaygroundPin.swift */,
			);
			path = Map;
			sourceTree = "<group>";
		};
		E51022862C5EAB37006FAF8B /* Playground */ = {
			isa = PBXGroup;
			children = (
				E51022842C5EAB37006FAF8B /* LookAround.swift */,
				E51022852C5EAB37006FAF8B /* PlaygroundView.swift */,
			);
			path = Playground;
			sourceTree = "<group>";
		};
		E51022882C5EAB37006FAF8B /* ViewModifiers */ = {
			isa = PBXGroup;
			children = (
				E51022872C5EAB37006FAF8B /* OnFirstAppearanceAction.swift */,
			);
			path = ViewModifiers;
			sourceTree = "<group>";
		};
		E510228A2C5EAB37006FAF8B /* Views */ = {
			isa = PBXGroup;
			children = (
				E51022832C5EAB37006FAF8B /* Map */,
				E51022862C5EAB37006FAF8B /* Playground */,
				E51022882C5EAB37006FAF8B /* ViewModifiers */,
				E51022892C5EAB37006FAF8B /* ContentView.swift */,
			);
			path = Views;
			sourceTree = "<group>";
		};
		E510228F2C5EAB37006FAF8B /* DevelopmentAssets */ = {
			isa = PBXGroup;
			children = (
				E510228B2C5EAB37006FAF8B /* MainState+Stubs.swift */,
				E510228C2C5EAB37006FAF8B /* MainStore+Stubs.swift */,
				E510228D2C5EAB37006FAF8B /* MapState+Stubs.swift */,
				E510228E2C5EAB37006FAF8B /* Playground+Stubs.swift */,
			);
			path = DevelopmentAssets;
			sourceTree = "<group>";
		};
		E51022AA2C5EABF3006FAF8B /* App */ = {
			isa = PBXGroup;
			children = (
				E51022802C5EAB37006FAF8B /* Network */,
				E51022732C5EAB37006FAF8B /* Redux */,
				E510227A2C5EAB37006FAF8B /* Model */,
				E51022672C5EAB37006FAF8B /* Services */,
				E510228A2C5EAB37006FAF8B /* Views */,
				E51022612C5EAB0D006FAF8B /* MainApp.swift */,
			);
			path = App;
			sourceTree = "<group>";
		};
/* End PBXGroup section */

/* Begin PBXNativeTarget section */
		E510224E2C5EAA60006FAF8B /* project-isis */ = {
			isa = PBXNativeTarget;
			buildConfigurationList = E510225D2C5EAA62006FAF8B /* Build configuration list for PBXNativeTarget "project-isis" */;
			buildPhases = (
				E510224B2C5EAA60006FAF8B /* Sources */,
				E510224C2C5EAA60006FAF8B /* Frameworks */,
				E510224D2C5EAA60006FAF8B /* Resources */,
			);
			buildRules = (
			);
			dependencies = (
			);
			name = "project-isis";
			productName = "project-isis";
			productReference = E510224F2C5EAA60006FAF8B /* project-isis.app */;
			productType = "com.apple.product-type.application";
		};
/* End PBXNativeTarget section */

/* Begin PBXProject section */
		E51022472C5EAA60006FAF8B /* Project object */ = {
			isa = PBXProject;
			attributes = {
				BuildIndependentTargetsInParallel = 1;
				LastSwiftUpdateCheck = 1540;
				LastUpgradeCheck = 1540;
				TargetAttributes = {
					E510224E2C5EAA60006FAF8B = {
						CreatedOnToolsVersion = 15.4;
					};
				};
			};
			buildConfigurationList = E510224A2C5EAA60006FAF8B /* Build configuration list for PBXProject "project-isis" */;
			compatibilityVersion = "Xcode 14.0";
			developmentRegion = en;
			hasScannedForEncodings = 0;
			knownRegions = (
				en,
				Base,
			);
			mainGroup = E51022462C5EAA60006FAF8B;
			productRefGroup = E51022502C5EAA60006FAF8B /* Products */;
			projectDirPath = "";
			projectRoot = "";
			targets = (
				E510224E2C5EAA60006FAF8B /* project-isis */,
			);
		};
/* End PBXProject section */

/* Begin PBXResourcesBuildPhase section */
		E510224D2C5EAA60006FAF8B /* Resources */ = {
			isa = PBXResourcesBuildPhase;
			buildActionMask = 2147483647;
			files = (
				E510225A2C5EAA62006FAF8B /* Preview Assets.xcassets in Resources */,
				E51022572C5EAA62006FAF8B /* Assets.xcassets in Resources */,
			);
			runOnlyForDeploymentPostprocessing = 0;
		};
/* End PBXResourcesBuildPhase section */

/* Begin PBXSourcesBuildPhase section */
		E510224B2C5EAA60006FAF8B /* Sources */ = {
			isa = PBXSourcesBuildPhase;
			buildActionMask = 2147483647;
			files = (
				E51022A82C5EAB37006FAF8B /* MapState+Stubs.swift in Sources */,
				E51022952C5EAB37006FAF8B /* MainState.swift in Sources */,
				E51022A22C5EAB37006FAF8B /* LookAround.swift in Sources */,
				E51022A62C5EAB37006FAF8B /* MainState+Stubs.swift in Sources */,
				E51022992C5EAB37006FAF8B /* APIFetchPlaygroundsResponse.swift in Sources */,
				E510229C2C5EAB37006FAF8B /* Redux.swift in Sources */,
				E51022962C5EAB37006FAF8B /* Actions.swift in Sources */,
				E51022912C5EAB37006FAF8B /* PlaygroundsRepository.swift in Sources */,
				E51022622C5EAB0D006FAF8B /* MainApp.swift in Sources */,
				E51022A32C5EAB37006FAF8B /* PlaygroundView.swift in Sources */,
				E510229A2C5EAB37006FAF8B /* APIPlayground.swift in Sources */,
				E51022A02C5EAB37006FAF8B /* MapView.swift in Sources */,
				E510229B2C5EAB37006FAF8B /* Playground.swift in Sources */,
				E51022A92C5EAB37006FAF8B /* Playground+Stubs.swift in Sources */,
				E510229D2C5EAB37006FAF8B /* APIClient.swift in Sources */,
				E51022972C5EAB37006FAF8B /* MainStore.swift in Sources */,
				E51022A72C5EAB37006FAF8B /* MainStore+Stubs.swift in Sources */,
				E51022902C5EAB37006FAF8B /* PlaygroundsDatasource.swift in Sources */,
				E51022982C5EAB37006FAF8B /* Configuration.swift in Sources */,
				E51022A42C5EAB37006FAF8B /* OnFirstAppearanceAction.swift in Sources */,
				E51022942C5EAB37006FAF8B /* MapReducer.swift in Sources */,
				E51022A52C5EAB37006FAF8B /* ContentView.swift in Sources */,
				E510229E2C5EAB37006FAF8B /* APIError.swift in Sources */,
				E510229F2C5EAB37006FAF8B /* APIRequest.swift in Sources */,
				E51022A12C5EAB37006FAF8B /* PlaygroundPin.swift in Sources */,
				E51022922C5EAB37006FAF8B /* FetchPlaygrounds.swift in Sources */,
				E51022932C5EAB37006FAF8B /* MainReducer.swift in Sources */,
			);
			runOnlyForDeploymentPostprocessing = 0;
		};
/* End PBXSourcesBuildPhase section */

/* Begin XCBuildConfiguration section */
		E510225B2C5EAA62006FAF8B /* Debug */ = {
			isa = XCBuildConfiguration;
			buildSettings = {
				ALWAYS_SEARCH_USER_PATHS = NO;
				ASSETCATALOG_COMPILER_GENERATE_SWIFT_ASSET_SYMBOL_EXTENSIONS = YES;
				CLANG_ANALYZER_NONNULL = YES;
				CLANG_ANALYZER_NUMBER_OBJECT_CONVERSION = YES_AGGRESSIVE;
				CLANG_CXX_LANGUAGE_STANDARD = "gnu++20";
				CLANG_ENABLE_MODULES = YES;
				CLANG_ENABLE_OBJC_ARC = YES;
				CLANG_ENABLE_OBJC_WEAK = YES;
				CLANG_WARN_BLOCK_CAPTURE_AUTORELEASING = YES;
				CLANG_WARN_BOOL_CONVERSION = YES;
				CLANG_WARN_COMMA = YES;
				CLANG_WARN_CONSTANT_CONVERSION = YES;
				CLANG_WARN_DEPRECATED_OBJC_IMPLEMENTATIONS = YES;
				CLANG_WARN_DIRECT_OBJC_ISA_USAGE = YES_ERROR;
				CLANG_WARN_DOCUMENTATION_COMMENTS = YES;
				CLANG_WARN_EMPTY_BODY = YES;
				CLANG_WARN_ENUM_CONVERSION = YES;
				CLANG_WARN_INFINITE_RECURSION = YES;
				CLANG_WARN_INT_CONVERSION = YES;
				CLANG_WARN_NON_LITERAL_NULL_CONVERSION = YES;
				CLANG_WARN_OBJC_IMPLICIT_RETAIN_SELF = YES;
				CLANG_WARN_OBJC_LITERAL_CONVERSION = YES;
				CLANG_WARN_OBJC_ROOT_CLASS = YES_ERROR;
				CLANG_WARN_QUOTED_INCLUDE_IN_FRAMEWORK_HEADER = YES;
				CLANG_WARN_RANGE_LOOP_ANALYSIS = YES;
				CLANG_WARN_STRICT_PROTOTYPES = YES;
				CLANG_WARN_SUSPICIOUS_MOVE = YES;
				CLANG_WARN_UNGUARDED_AVAILABILITY = YES_AGGRESSIVE;
				CLANG_WARN_UNREACHABLE_CODE = YES;
				CLANG_WARN__DUPLICATE_METHOD_MATCH = YES;
				COPY_PHASE_STRIP = NO;
				DEBUG_INFORMATION_FORMAT = dwarf;
				ENABLE_STRICT_OBJC_MSGSEND = YES;
				ENABLE_TESTABILITY = YES;
				ENABLE_USER_SCRIPT_SANDBOXING = YES;
				GCC_C_LANGUAGE_STANDARD = gnu17;
				GCC_DYNAMIC_NO_PIC = NO;
				GCC_NO_COMMON_BLOCKS = YES;
				GCC_OPTIMIZATION_LEVEL = 0;
				GCC_PREPROCESSOR_DEFINITIONS = (
					"DEBUG=1",
					"$(inherited)",
				);
				GCC_WARN_64_TO_32_BIT_CONVERSION = YES;
				GCC_WARN_ABOUT_RETURN_TYPE = YES_ERROR;
				GCC_WARN_UNDECLARED_SELECTOR = YES;
				GCC_WARN_UNINITIALIZED_AUTOS = YES_AGGRESSIVE;
				GCC_WARN_UNUSED_FUNCTION = YES;
				GCC_WARN_UNUSED_VARIABLE = YES;
				IPHONEOS_DEPLOYMENT_TARGET = 17.5;
				LOCALIZATION_PREFERS_STRING_CATALOGS = YES;
				MTL_ENABLE_DEBUG_INFO = INCLUDE_SOURCE;
				MTL_FAST_MATH = YES;
				ONLY_ACTIVE_ARCH = YES;
				SDKROOT = iphoneos;
				SWIFT_ACTIVE_COMPILATION_CONDITIONS = "DEBUG $(inherited)";
				SWIFT_OPTIMIZATION_LEVEL = "-Onone";
			};
			name = Debug;
		};
		E510225C2C5EAA62006FAF8B /* Release */ = {
			isa = XCBuildConfiguration;
			buildSettings = {
				ALWAYS_SEARCH_USER_PATHS = NO;
				ASSETCATALOG_COMPILER_GENERATE_SWIFT_ASSET_SYMBOL_EXTENSIONS = YES;
				CLANG_ANALYZER_NONNULL = YES;
				CLANG_ANALYZER_NUMBER_OBJECT_CONVERSION = YES_AGGRESSIVE;
				CLANG_CXX_LANGUAGE_STANDARD = "gnu++20";
				CLANG_ENABLE_MODULES = YES;
				CLANG_ENABLE_OBJC_ARC = YES;
				CLANG_ENABLE_OBJC_WEAK = YES;
				CLANG_WARN_BLOCK_CAPTURE_AUTORELEASING = YES;
				CLANG_WARN_BOOL_CONVERSION = YES;
				CLANG_WARN_COMMA = YES;
				CLANG_WARN_CONSTANT_CONVERSION = YES;
				CLANG_WARN_DEPRECATED_OBJC_IMPLEMENTATIONS = YES;
				CLANG_WARN_DIRECT_OBJC_ISA_USAGE = YES_ERROR;
				CLANG_WARN_DOCUMENTATION_COMMENTS = YES;
				CLANG_WARN_EMPTY_BODY = YES;
				CLANG_WARN_ENUM_CONVERSION = YES;
				CLANG_WARN_INFINITE_RECURSION = YES;
				CLANG_WARN_INT_CONVERSION = YES;
				CLANG_WARN_NON_LITERAL_NULL_CONVERSION = YES;
				CLANG_WARN_OBJC_IMPLICIT_RETAIN_SELF = YES;
				CLANG_WARN_OBJC_LITERAL_CONVERSION = YES;
				CLANG_WARN_OBJC_ROOT_CLASS = YES_ERROR;
				CLANG_WARN_QUOTED_INCLUDE_IN_FRAMEWORK_HEADER = YES;
				CLANG_WARN_RANGE_LOOP_ANALYSIS = YES;
				CLANG_WARN_STRICT_PROTOTYPES = YES;
				CLANG_WARN_SUSPICIOUS_MOVE = YES;
				CLANG_WARN_UNGUARDED_AVAILABILITY = YES_AGGRESSIVE;
				CLANG_WARN_UNREACHABLE_CODE = YES;
				CLANG_WARN__DUPLICATE_METHOD_MATCH = YES;
				COPY_PHASE_STRIP = NO;
				DEBUG_INFORMATION_FORMAT = "dwarf-with-dsym";
				ENABLE_NS_ASSERTIONS = NO;
				ENABLE_STRICT_OBJC_MSGSEND = YES;
				ENABLE_USER_SCRIPT_SANDBOXING = YES;
				GCC_C_LANGUAGE_STANDARD = gnu17;
				GCC_NO_COMMON_BLOCKS = YES;
				GCC_WARN_64_TO_32_BIT_CONVERSION = YES;
				GCC_WARN_ABOUT_RETURN_TYPE = YES_ERROR;
				GCC_WARN_UNDECLARED_SELECTOR = YES;
				GCC_WARN_UNINITIALIZED_AUTOS = YES_AGGRESSIVE;
				GCC_WARN_UNUSED_FUNCTION = YES;
				GCC_WARN_UNUSED_VARIABLE = YES;
				IPHONEOS_DEPLOYMENT_TARGET = 17.5;
				LOCALIZATION_PREFERS_STRING_CATALOGS = YES;
				MTL_ENABLE_DEBUG_INFO = NO;
				MTL_FAST_MATH = YES;
				SDKROOT = iphoneos;
				SWIFT_COMPILATION_MODE = wholemodule;
				VALIDATE_PRODUCT = YES;
			};
			name = Release;
		};
		E510225E2C5EAA62006FAF8B /* Debug */ = {
			isa = XCBuildConfiguration;
			buildSettings = {
				ASSETCATALOG_COMPILER_APPICON_NAME = AppIcon;
				ASSETCATALOG_COMPILER_GLOBAL_ACCENT_COLOR_NAME = AccentColor;
				CODE_SIGN_STYLE = Automatic;
				CURRENT_PROJECT_VERSION = 1;
				DEVELOPMENT_ASSET_PATHS = "\"project-isis/Assets\"";
				DEVELOPMENT_TEAM = 39Z5K8K389;
				ENABLE_PREVIEWS = YES;
				GENERATE_INFOPLIST_FILE = YES;
				INFOPLIST_KEY_UIApplicationSceneManifest_Generation = YES;
				INFOPLIST_KEY_UIApplicationSupportsIndirectInputEvents = YES;
				INFOPLIST_KEY_UILaunchScreen_Generation = YES;
				INFOPLIST_KEY_UISupportedInterfaceOrientations_iPad = "UIInterfaceOrientationPortrait UIInterfaceOrientationPortraitUpsideDown UIInterfaceOrientationLandscapeLeft UIInterfaceOrientationLandscapeRight";
				INFOPLIST_KEY_UISupportedInterfaceOrientations_iPhone = "UIInterfaceOrientationPortrait UIInterfaceOrientationLandscapeLeft UIInterfaceOrientationLandscapeRight";
				LD_RUNPATH_SEARCH_PATHS = (
					"$(inherited)",
					"@executable_path/Frameworks",
				);
				MARKETING_VERSION = 1.0;
				PRODUCT_BUNDLE_IDENTIFIER = "com.leandrogaluzzi.isis.project-isis";
				PRODUCT_NAME = "$(TARGET_NAME)";
				SWIFT_EMIT_LOC_STRINGS = YES;
				SWIFT_VERSION = 5.0;
				TARGETED_DEVICE_FAMILY = "1,2";
			};
			name = Debug;
		};
		E510225F2C5EAA62006FAF8B /* Release */ = {
			isa = XCBuildConfiguration;
			buildSettings = {
				ASSETCATALOG_COMPILER_APPICON_NAME = AppIcon;
				ASSETCATALOG_COMPILER_GLOBAL_ACCENT_COLOR_NAME = AccentColor;
				CODE_SIGN_STYLE = Automatic;
				CURRENT_PROJECT_VERSION = 1;
				DEVELOPMENT_ASSET_PATHS = "\"project-isis/Assets\"";
				DEVELOPMENT_TEAM = 39Z5K8K389;
				ENABLE_PREVIEWS = YES;
				GENERATE_INFOPLIST_FILE = YES;
				INFOPLIST_KEY_UIApplicationSceneManifest_Generation = YES;
				INFOPLIST_KEY_UIApplicationSupportsIndirectInputEvents = YES;
				INFOPLIST_KEY_UILaunchScreen_Generation = YES;
				INFOPLIST_KEY_UISupportedInterfaceOrientations_iPad = "UIInterfaceOrientationPortrait UIInterfaceOrientationPortraitUpsideDown UIInterfaceOrientationLandscapeLeft UIInterfaceOrientationLandscapeRight";
				INFOPLIST_KEY_UISupportedInterfaceOrientations_iPhone = "UIInterfaceOrientationPortrait UIInterfaceOrientationLandscapeLeft UIInterfaceOrientationLandscapeRight";
				LD_RUNPATH_SEARCH_PATHS = (
					"$(inherited)",
					"@executable_path/Frameworks",
				);
				MARKETING_VERSION = 1.0;
				PRODUCT_BUNDLE_IDENTIFIER = "com.leandrogaluzzi.isis.project-isis";
				PRODUCT_NAME = "$(TARGET_NAME)";
				SWIFT_EMIT_LOC_STRINGS = YES;
				SWIFT_VERSION = 5.0;
				TARGETED_DEVICE_FAMILY = "1,2";
			};
			name = Release;
		};
/* End XCBuildConfiguration section */

/* Begin XCConfigurationList section */
		E510224A2C5EAA60006FAF8B /* Build configuration list for PBXProject "project-isis" */ = {
			isa = XCConfigurationList;
			buildConfigurations = (
				E510225B2C5EAA62006FAF8B /* Debug */,
				E510225C2C5EAA62006FAF8B /* Release */,
			);
			defaultConfigurationIsVisible = 0;
			defaultConfigurationName = Release;
		};
		E510225D2C5EAA62006FAF8B /* Build configuration list for PBXNativeTarget "project-isis" */ = {
			isa = XCConfigurationList;
			buildConfigurations = (
				E510225E2C5EAA62006FAF8B /* Debug */,
				E510225F2C5EAA62006FAF8B /* Release */,
			);
			defaultConfigurationIsVisible = 0;
			defaultConfigurationName = Release;
		};
/* End XCConfigurationList section */
	};
	rootObject = E51022472C5EAA60006FAF8B /* Project object */;
}
